// !$*UTF8*$!
{
	archiveVersion = 1;
	classes = {
	};
	objectVersion = 50;
	objects = {

/* Begin PBXBuildFile section */
		FACC3D7F2457F02C00EEA44C /* main.cpp in Sources */ = {isa = PBXBuildFile; fileRef = FACC3D7E2457F02C00EEA44C /* main.cpp */; };
		FACC3D8F2459D70800EEA44C /* asm_code.s in Sources */ = {isa = PBXBuildFile; fileRef = FACC3D8E2459D70800EEA44C /* asm_code.s */; };
/* End PBXBuildFile section */

/* Begin PBXCopyFilesBuildPhase section */
		FACC3D792457F02C00EEA44C /* CopyFiles */ = {
			isa = PBXCopyFilesBuildPhase;
			buildActionMask = 2147483647;
			dstPath = /usr/share/man/man1/;
			dstSubfolderSpec = 0;
			files = (
			);
			runOnlyForDeploymentPostprocessing = 1;
		};
/* End PBXCopyFilesBuildPhase section */

/* Begin PBXFileReference section */
		FACC3D7B2457F02C00EEA44C /* Hash_table */ = {isa = PBXFileReference; explicitFileType = "compiled.mach-o.executable"; includeInIndex = 0; path = Hash_table; sourceTree = BUILT_PRODUCTS_DIR; };
		FACC3D7E2457F02C00EEA44C /* main.cpp */ = {isa = PBXFileReference; lastKnownFileType = sourcecode.cpp.cpp; path = main.cpp; sourceTree = "<group>"; };
		FACC3D852457F0FF00EEA44C /* my_list.h */ = {isa = PBXFileReference; lastKnownFileType = sourcecode.c.h; path = my_list.h; sourceTree = "<group>"; };
		FACC3D862457F1F400EEA44C /* my_hash_table.h */ = {isa = PBXFileReference; lastKnownFileType = sourcecode.c.h; path = my_hash_table.h; sourceTree = "<group>"; };
		FACC3D872457F3D400EEA44C /* super_define.h */ = {isa = PBXFileReference; lastKnownFileType = sourcecode.c.h; path = super_define.h; sourceTree = "<group>"; };
		FACC3D882457F49E00EEA44C /* my_list_enums.h */ = {isa = PBXFileReference; lastKnownFileType = sourcecode.c.h; path = my_list_enums.h; sourceTree = "<group>"; };
		FACC3D892457F5A800EEA44C /* MurMurHash.h */ = {isa = PBXFileReference; lastKnownFileType = sourcecode.c.h; path = MurMurHash.h; sourceTree = "<group>"; };
		FACC3D8A2457F63000EEA44C /* dump.h */ = {isa = PBXFileReference; lastKnownFileType = sourcecode.c.h; path = dump.h; sourceTree = "<group>"; };
		FACC3D8B2458AE8C00EEA44C /* file_lib.h */ = {isa = PBXFileReference; lastKnownFileType = sourcecode.c.h; path = file_lib.h; sourceTree = "<group>"; };
		FACC3D8E2459D70800EEA44C /* asm_code.s */ = {isa = PBXFileReference; lastKnownFileType = sourcecode.asm; path = asm_code.s; sourceTree = "<group>"; };
/* End PBXFileReference section */

/* Begin PBXFrameworksBuildPhase section */
		FACC3D782457F02C00EEA44C /* Frameworks */ = {
			isa = PBXFrameworksBuildPhase;
			buildActionMask = 2147483647;
			files = (
			);
			runOnlyForDeploymentPostprocessing = 0;
		};
/* End PBXFrameworksBuildPhase section */

/* Begin PBXGroup section */
		FACC3D722457F02C00EEA44C = {
			isa = PBXGroup;
			children = (
				FACC3D7D2457F02C00EEA44C /* Hash_table */,
				FACC3D7C2457F02C00EEA44C /* Products */,
			);
			sourceTree = "<group>";
		};
		FACC3D7C2457F02C00EEA44C /* Products */ = {
			isa = PBXGroup;
			children = (
				FACC3D7B2457F02C00EEA44C /* Hash_table */,
			);
			name = Products;
			sourceTree = "<group>";
		};
		FACC3D7D2457F02C00EEA44C /* Hash_table */ = {
			isa = PBXGroup;
			children = (
				FACC3D7E2457F02C00EEA44C /* main.cpp */,
				FACC3D8A2457F63000EEA44C /* dump.h */,
				FACC3D852457F0FF00EEA44C /* my_list.h */,
				FACC3D862457F1F400EEA44C /* my_hash_table.h */,
				FACC3D872457F3D400EEA44C /* super_define.h */,
				FACC3D882457F49E00EEA44C /* my_list_enums.h */,
				FACC3D892457F5A800EEA44C /* MurMurHash.h */,
				FACC3D8B2458AE8C00EEA44C /* file_lib.h */,
				FACC3D8E2459D70800EEA44C /* asm_code.s */,
			);
			path = Hash_table;
			sourceTree = "<group>";
		};
/* End PBXGroup section */

/* Begin PBXNativeTarget section */
		FACC3D7A2457F02C00EEA44C /* Hash_table */ = {
			isa = PBXNativeTarget;
			buildConfigurationList = FACC3D822457F02C00EEA44C /* Build configuration list for PBXNativeTarget "Hash_table" */;
			buildPhases = (
				FACC3D772457F02C00EEA44C /* Sources */,
				FACC3D782457F02C00EEA44C /* Frameworks */,
				FACC3D792457F02C00EEA44C /* CopyFiles */,
			);
			buildRules = (
			);
			dependencies = (
			);
			name = Hash_table;
			productName = Hash_table;
			productReference = FACC3D7B2457F02C00EEA44C /* Hash_table */;
			productType = "com.apple.product-type.tool";
		};
/* End PBXNativeTarget section */

/* Begin PBXProject section */
		FACC3D732457F02C00EEA44C /* Project object */ = {
			isa = PBXProject;
			attributes = {
				LastUpgradeCheck = 1140;
				ORGANIZATIONNAME = Alex;
				TargetAttributes = {
					FACC3D7A2457F02C00EEA44C = {
						CreatedOnToolsVersion = 11.4.1;
					};
				};
			};
			buildConfigurationList = FACC3D762457F02C00EEA44C /* Build configuration list for PBXProject "Hash_table" */;
			compatibilityVersion = "Xcode 9.3";
			developmentRegion = en;
			hasScannedForEncodings = 0;
			knownRegions = (
				en,
				Base,
			);
			mainGroup = FACC3D722457F02C00EEA44C;
			productRefGroup = FACC3D7C2457F02C00EEA44C /* Products */;
			projectDirPath = "";
			projectRoot = "";
			targets = (
				FACC3D7A2457F02C00EEA44C /* Hash_table */,
			);
		};
/* End PBXProject section */

/* Begin PBXSourcesBuildPhase section */
		FACC3D772457F02C00EEA44C /* Sources */ = {
			isa = PBXSourcesBuildPhase;
			buildActionMask = 2147483647;
			files = (
				FACC3D8F2459D70800EEA44C /* asm_code.s in Sources */,
				FACC3D7F2457F02C00EEA44C /* main.cpp in Sources */,
			);
			runOnlyForDeploymentPostprocessing = 0;
		};
/* End PBXSourcesBuildPhase section */

/* Begin XCBuildConfiguration section */
		FACC3D802457F02C00EEA44C /* Debug */ = {
			isa = XCBuildConfiguration;
			buildSettings = {
				ALWAYS_SEARCH_USER_PATHS = NO;
				CLANG_ANALYZER_NONNULL = YES;
				CLANG_ANALYZER_NUMBER_OBJECT_CONVERSION = YES_AGGRESSIVE;
				CLANG_CXX_LANGUAGE_STANDARD = "gnu++14";
				CLANG_CXX_LIBRARY = "libc++";
				CLANG_ENABLE_MODULES = YES;
				CLANG_ENABLE_OBJC_ARC = YES;
				CLANG_ENABLE_OBJC_WEAK = YES;
				CLANG_WARN_BLOCK_CAPTURE_AUTORELEASING = YES;
				CLANG_WARN_BOOL_CONVERSION = YES;
				CLANG_WARN_COMMA = YES;
				CLANG_WARN_CONSTANT_CONVERSION = YES;
				CLANG_WARN_DEPRECATED_OBJC_IMPLEMENTATIONS = YES;
				CLANG_WARN_DIRECT_OBJC_ISA_USAGE = YES_ERROR;
				CLANG_WARN_DOCUMENTATION_COMMENTS = YES;
				CLANG_WARN_EMPTY_BODY = YES;
				CLANG_WARN_ENUM_CONVERSION = YES;
				CLANG_WARN_INFINITE_RECURSION = YES;
				CLANG_WARN_INT_CONVERSION = YES;
				CLANG_WARN_NON_LITERAL_NULL_CONVERSION = YES;
				CLANG_WARN_OBJC_IMPLICIT_RETAIN_SELF = YES;
				CLANG_WARN_OBJC_LITERAL_CONVERSION = YES;
				CLANG_WARN_OBJC_ROOT_CLASS = YES_ERROR;
				CLANG_WARN_RANGE_LOOP_ANALYSIS = YES;
				CLANG_WARN_STRICT_PROTOTYPES = YES;
				CLANG_WARN_SUSPICIOUS_MOVE = YES;
				CLANG_WARN_UNGUARDED_AVAILABILITY = YES_AGGRESSIVE;
				CLANG_WARN_UNREACHABLE_CODE = YES;
				CLANG_WARN__DUPLICATE_METHOD_MATCH = YES;
				COPY_PHASE_STRIP = NO;
				DEBUG_INFORMATION_FORMAT = dwarf;
				ENABLE_STRICT_OBJC_MSGSEND = YES;
				ENABLE_TESTABILITY = YES;
				GCC_C_LANGUAGE_STANDARD = gnu11;
				GCC_DYNAMIC_NO_PIC = NO;
				GCC_NO_COMMON_BLOCKS = YES;
				GCC_OPTIMIZATION_LEVEL = 0;
				GCC_PREPROCESSOR_DEFINITIONS = (
					"DEBUG=1",
					"$(inherited)",
				);
				GCC_WARN_64_TO_32_BIT_CONVERSION = YES;
				GCC_WARN_ABOUT_RETURN_TYPE = YES_ERROR;
				GCC_WARN_UNDECLARED_SELECTOR = YES;
				GCC_WARN_UNINITIALIZED_AUTOS = YES_AGGRESSIVE;
				GCC_WARN_UNUSED_FUNCTION = YES;
				GCC_WARN_UNUSED_VARIABLE = YES;
				MACOSX_DEPLOYMENT_TARGET = 10.15;
				MTL_ENABLE_DEBUG_INFO = INCLUDE_SOURCE;
				MTL_FAST_MATH = YES;
				ONLY_ACTIVE_ARCH = YES;
				SDKROOT = macosx;
			};
			name = Debug;
		};
		FACC3D812457F02C00EEA44C /* Release */ = {
			isa = XCBuildConfiguration;
			buildSettings = {
				ALWAYS_SEARCH_USER_PATHS = NO;
				CLANG_ANALYZER_NONNULL = YES;
				CLANG_ANALYZER_NUMBER_OBJECT_CONVERSION = YES_AGGRESSIVE;
				CLANG_CXX_LANGUAGE_STANDARD = "gnu++14";
				CLANG_CXX_LIBRARY = "libc++";
				CLANG_ENABLE_MODULES = YES;
				CLANG_ENABLE_OBJC_ARC = YES;
				CLANG_ENABLE_OBJC_WEAK = YES;
				CLANG_WARN_BLOCK_CAPTURE_AUTORELEASING = YES;
				CLANG_WARN_BOOL_CONVERSION = YES;
				CLANG_WARN_COMMA = YES;
				CLANG_WARN_CONSTANT_CONVERSION = YES;
				CLANG_WARN_DEPRECATED_OBJC_IMPLEMENTATIONS = YES;
				CLANG_WARN_DIRECT_OBJC_ISA_USAGE = YES_ERROR;
				CLANG_WARN_DOCUMENTATION_COMMENTS = YES;
				CLANG_WARN_EMPTY_BODY = YES;
				CLANG_WARN_ENUM_CONVERSION = YES;
				CLANG_WARN_INFINITE_RECURSION = YES;
				CLANG_WARN_INT_CONVERSION = YES;
				CLANG_WARN_NON_LITERAL_NULL_CONVERSION = YES;
				CLANG_WARN_OBJC_IMPLICIT_RETAIN_SELF = YES;
				CLANG_WARN_OBJC_LITERAL_CONVERSION = YES;
				CLANG_WARN_OBJC_ROOT_CLASS = YES_ERROR;
				CLANG_WARN_RANGE_LOOP_ANALYSIS = YES;
				CLANG_WARN_STRICT_PROTOTYPES = YES;
				CLANG_WARN_SUSPICIOUS_MOVE = YES;
				CLANG_WARN_UNGUARDED_AVAILABILITY = YES_AGGRESSIVE;
				CLANG_WARN_UNREACHABLE_CODE = YES;
				CLANG_WARN__DUPLICATE_METHOD_MATCH = YES;
				COPY_PHASE_STRIP = NO;
				DEBUG_INFORMATION_FORMAT = "dwarf-with-dsym";
				ENABLE_NS_ASSERTIONS = NO;
				ENABLE_STRICT_OBJC_MSGSEND = YES;
				GCC_C_LANGUAGE_STANDARD = gnu11;
				GCC_NO_COMMON_BLOCKS = YES;
				GCC_WARN_64_TO_32_BIT_CONVERSION = YES;
				GCC_WARN_ABOUT_RETURN_TYPE = YES_ERROR;
				GCC_WARN_UNDECLARED_SELECTOR = YES;
				GCC_WARN_UNINITIALIZED_AUTOS = YES_AGGRESSIVE;
				GCC_WARN_UNUSED_FUNCTION = YES;
				GCC_WARN_UNUSED_VARIABLE = YES;
				MACOSX_DEPLOYMENT_TARGET = 10.15;
				MTL_ENABLE_DEBUG_INFO = NO;
				MTL_FAST_MATH = YES;
				SDKROOT = macosx;
			};
			name = Release;
		};
		FACC3D832457F02C00EEA44C /* Debug */ = {
			isa = XCBuildConfiguration;
			buildSettings = {
				CLANG_ENABLE_CODE_COVERAGE = NO;
				CLANG_USE_OPTIMIZATION_PROFILE = NO;
				CODE_SIGN_STYLE = Automatic;
				GCC_DYNAMIC_NO_PIC = YES;
				GCC_GENERATE_DEBUGGING_SYMBOLS = NO;
				GCC_INSTRUMENT_PROGRAM_FLOW_ARCS = NO;
				GCC_OPTIMIZATION_LEVEL = fast;
				GCC_STRICT_ALIASING = YES;
				GCC_THREADSAFE_STATICS = YES;
				GCC_UNROLL_LOOPS = NO;
				PRODUCT_NAME = "$(TARGET_NAME)";
			};
			name = Debug;
		};
		FACC3D842457F02C00EEA44C /* Release */ = {
			isa = XCBuildConfiguration;
			buildSettings = {
				CLANG_ENABLE_CODE_COVERAGE = NO;
				CLANG_USE_OPTIMIZATION_PROFILE = NO;
				CODE_SIGN_STYLE = Automatic;
				GCC_DYNAMIC_NO_PIC = YES;
				GCC_GENERATE_DEBUGGING_SYMBOLS = NO;
				GCC_INSTRUMENT_PROGRAM_FLOW_ARCS = NO;
				GCC_STRICT_ALIASING = YES;
				GCC_THREADSAFE_STATICS = YES;
				GCC_UNROLL_LOOPS = NO;
				PRODUCT_NAME = "$(TARGET_NAME)";
			};
			name = Release;
		};
/* End XCBuildConfiguration section */

/* Begin XCConfigurationList section */
		FACC3D762457F02C00EEA44C /* Build configuration list for PBXProject "Hash_table" */ = {
			isa = XCConfigurationList;
			buildConfigurations = (
				FACC3D802457F02C00EEA44C /* Debug */,
				FACC3D812457F02C00EEA44C /* Release */,
			);
			defaultConfigurationIsVisible = 0;
			defaultConfigurationName = Release;
		};
		FACC3D822457F02C00EEA44C /* Build configuration list for PBXNativeTarget "Hash_table" */ = {
			isa = XCConfigurationList;
			buildConfigurations = (
				FACC3D832457F02C00EEA44C /* Debug */,
				FACC3D842457F02C00EEA44C /* Release */,
			);
			defaultConfigurationIsVisible = 0;
			defaultConfigurationName = Release;
		};
/* End XCConfigurationList section */
	};
	rootObject = FACC3D732457F02C00EEA44C /* Project object */;
}
